// !$*UTF8*$!
{
	archiveVersion = 1;
	classes = {
	};
	objectVersion = 50;
	objects = {

/* Begin PBXBuildFile section */
		D572A7692200D4DC00BB2E17 /* AppDelegate.swift in Sources */ = {isa = PBXBuildFile; fileRef = D572A7682200D4DC00BB2E17 /* AppDelegate.swift */; };
		D572A76E2200D4DC00BB2E17 /* Main.storyboard in Resources */ = {isa = PBXBuildFile; fileRef = D572A76C2200D4DC00BB2E17 /* Main.storyboard */; };
		D572A7712200D4DC00BB2E17 /* HelloWorld.xcdatamodeld in Sources */ = {isa = PBXBuildFile; fileRef = D572A76F2200D4DC00BB2E17 /* HelloWorld.xcdatamodeld */; };
		D572A7732200D4DE00BB2E17 /* Assets.xcassets in Resources */ = {isa = PBXBuildFile; fileRef = D572A7722200D4DE00BB2E17 /* Assets.xcassets */; };
		D572A7762200D4DE00BB2E17 /* LaunchScreen.storyboard in Resources */ = {isa = PBXBuildFile; fileRef = D572A7742200D4DE00BB2E17 /* LaunchScreen.storyboard */; };
		D572A7812200D4DE00BB2E17 /* HelloWorldUITests.swift in Sources */ = {isa = PBXBuildFile; fileRef = D572A7802200D4DE00BB2E17 /* HelloWorldUITests.swift */; };
		D59E4A6C2202336900D5F807 /* HelloWorldViewController.swift in Sources */ = {isa = PBXBuildFile; fileRef = D59E4A6B2202336900D5F807 /* HelloWorldViewController.swift */; };
/* End PBXBuildFile section */

/* Begin PBXContainerItemProxy section */
		D572A77D2200D4DE00BB2E17 /* PBXContainerItemProxy */ = {
			isa = PBXContainerItemProxy;
			containerPortal = D572A75D2200D4DC00BB2E17 /* Project object */;
			proxyType = 1;
			remoteGlobalIDString = D572A7642200D4DC00BB2E17;
			remoteInfo = HelloWorld;
		};
/* End PBXContainerItemProxy section */

/* Begin PBXFileReference section */
		D572A7652200D4DC00BB2E17 /* HelloWorld.app */ = {isa = PBXFileReference; explicitFileType = wrapper.application; includeInIndex = 0; path = HelloWorld.app; sourceTree = BUILT_PRODUCTS_DIR; };
		D572A7682200D4DC00BB2E17 /* AppDelegate.swift */ = {isa = PBXFileReference; lastKnownFileType = sourcecode.swift; path = AppDelegate.swift; sourceTree = "<group>"; };
		D572A76D2200D4DC00BB2E17 /* Base */ = {isa = PBXFileReference; lastKnownFileType = file.storyboard; name = Base; path = Base.lproj/Main.storyboard; sourceTree = "<group>"; };
		D572A7702200D4DC00BB2E17 /* HelloWorld.xcdatamodel */ = {isa = PBXFileReference; lastKnownFileType = wrapper.xcdatamodel; path = HelloWorld.xcdatamodel; sourceTree = "<group>"; };
		D572A7722200D4DE00BB2E17 /* Assets.xcassets */ = {isa = PBXFileReference; lastKnownFileType = folder.assetcatalog; path = Assets.xcassets; sourceTree = "<group>"; };
		D572A7752200D4DE00BB2E17 /* Base */ = {isa = PBXFileReference; lastKnownFileType = file.storyboard; name = Base; path = Base.lproj/LaunchScreen.storyboard; sourceTree = "<group>"; };
		D572A7772200D4DE00BB2E17 /* Info.plist */ = {isa = PBXFileReference; lastKnownFileType = text.plist.xml; path = Info.plist; sourceTree = "<group>"; };
		D572A77C2200D4DE00BB2E17 /* HelloWorldUITests.xctest */ = {isa = PBXFileReference; explicitFileType = wrapper.cfbundle; includeInIndex = 0; path = HelloWorldUITests.xctest; sourceTree = BUILT_PRODUCTS_DIR; };
		D572A7802200D4DE00BB2E17 /* HelloWorldUITests.swift */ = {isa = PBXFileReference; lastKnownFileType = sourcecode.swift; path = HelloWorldUITests.swift; sourceTree = "<group>"; };
		D572A7822200D4DE00BB2E17 /* Info.plist */ = {isa = PBXFileReference; lastKnownFileType = text.plist.xml; path = Info.plist; sourceTree = "<group>"; };
		D59E4A6B2202336900D5F807 /* HelloWorldViewController.swift */ = {isa = PBXFileReference; lastKnownFileType = sourcecode.swift; path = HelloWorldViewController.swift; sourceTree = "<group>"; };
/* End PBXFileReference section */

/* Begin PBXFrameworksBuildPhase section */
		D572A7622200D4DC00BB2E17 /* Frameworks */ = {
			isa = PBXFrameworksBuildPhase;
			buildActionMask = 2147483647;
			files = (
			);
			runOnlyForDeploymentPostprocessing = 0;
		};
		D572A7792200D4DE00BB2E17 /* Frameworks */ = {
			isa = PBXFrameworksBuildPhase;
			buildActionMask = 2147483647;
			files = (
			);
			runOnlyForDeploymentPostprocessing = 0;
		};
/* End PBXFrameworksBuildPhase section */

/* Begin PBXGroup section */
		D572A75C2200D4DC00BB2E17 = {
			isa = PBXGroup;
			children = (
				D572A7672200D4DC00BB2E17 /* HelloWorld */,
				D572A77F2200D4DE00BB2E17 /* HelloWorldUITests */,
				D572A7662200D4DC00BB2E17 /* Products */,
			);
			sourceTree = "<group>";
		};
		D572A7662200D4DC00BB2E17 /* Products */ = {
			isa = PBXGroup;
			children = (
				D572A7652200D4DC00BB2E17 /* HelloWorld.app */,
				D572A77C2200D4DE00BB2E17 /* HelloWorldUITests.xctest */,
			);
			name = Products;
			sourceTree = "<group>";
		};
		D572A7672200D4DC00BB2E17 /* HelloWorld */ = {
			isa = PBXGroup;
			children = (
				D572A7682200D4DC00BB2E17 /* AppDelegate.swift */,
				D572A76C2200D4DC00BB2E17 /* Main.storyboard */,
				D572A7722200D4DE00BB2E17 /* Assets.xcassets */,
				D572A7742200D4DE00BB2E17 /* LaunchScreen.storyboard */,
				D572A7772200D4DE00BB2E17 /* Info.plist */,
				D572A76F2200D4DC00BB2E17 /* HelloWorld.xcdatamodeld */,
				D59E4A6B2202336900D5F807 /* HelloWorldViewController.swift */,
			);
			path = HelloWorld;
			sourceTree = "<group>";
		};
		D572A77F2200D4DE00BB2E17 /* HelloWorldUITests */ = {
			isa = PBXGroup;
			children = (
				D572A7802200D4DE00BB2E17 /* HelloWorldUITests.swift */,
				D572A7822200D4DE00BB2E17 /* Info.plist */,
			);
			path = HelloWorldUITests;
			sourceTree = "<group>";
		};
/* End PBXGroup section */

/* Begin PBXNativeTarget section */
		D572A7642200D4DC00BB2E17 /* HelloWorld */ = {
			isa = PBXNativeTarget;
			buildConfigurationList = D572A7852200D4DE00BB2E17 /* Build configuration list for PBXNativeTarget "HelloWorld" */;
			buildPhases = (
				D572A7612200D4DC00BB2E17 /* Sources */,
				D572A7622200D4DC00BB2E17 /* Frameworks */,
				D572A7632200D4DC00BB2E17 /* Resources */,
			);
			buildRules = (
			);
			dependencies = (
			);
			name = HelloWorld;
			productName = HelloWorld;
			productReference = D572A7652200D4DC00BB2E17 /* HelloWorld.app */;
			productType = "com.apple.product-type.application";
		};
		D572A77B2200D4DE00BB2E17 /* HelloWorldUITests */ = {
			isa = PBXNativeTarget;
			buildConfigurationList = D572A7882200D4DE00BB2E17 /* Build configuration list for PBXNativeTarget "HelloWorldUITests" */;
			buildPhases = (
				D572A7782200D4DE00BB2E17 /* Sources */,
				D572A7792200D4DE00BB2E17 /* Frameworks */,
				D572A77A2200D4DE00BB2E17 /* Resources */,
			);
			buildRules = (
			);
			dependencies = (
				D572A77E2200D4DE00BB2E17 /* PBXTargetDependency */,
			);
			name = HelloWorldUITests;
			productName = HelloWorldUITests;
			productReference = D572A77C2200D4DE00BB2E17 /* HelloWorldUITests.xctest */;
			productType = "com.apple.product-type.bundle.ui-testing";
		};
/* End PBXNativeTarget section */

/* Begin PBXProject section */
		D572A75D2200D4DC00BB2E17 /* Project object */ = {
			isa = PBXProject;
			attributes = {
				LastSwiftUpdateCheck = 1010;
				LastUpgradeCheck = 1010;
				ORGANIZATIONNAME = "Alex Davis";
				TargetAttributes = {
					D572A7642200D4DC00BB2E17 = {
						CreatedOnToolsVersion = 10.1;
					};
					D572A77B2200D4DE00BB2E17 = {
						CreatedOnToolsVersion = 10.1;
						TestTargetID = D572A7642200D4DC00BB2E17;
					};
				};
			};
			buildConfigurationList = D572A7602200D4DC00BB2E17 /* Build configuration list for PBXProject "HelloWorld" */;
			compatibilityVersion = "Xcode 9.3";
			developmentRegion = en;
			hasScannedForEncodings = 0;
			knownRegions = (
				en,
				Base,
			);
			mainGroup = D572A75C2200D4DC00BB2E17;
			productRefGroup = D572A7662200D4DC00BB2E17 /* Products */;
			projectDirPath = "";
			projectRoot = "";
			targets = (
				D572A7642200D4DC00BB2E17 /* HelloWorld */,
				D572A77B2200D4DE00BB2E17 /* HelloWorldUITests */,
			);
		};
/* End PBXProject section */

/* Begin PBXResourcesBuildPhase section */
		D572A7632200D4DC00BB2E17 /* Resources */ = {
			isa = PBXResourcesBuildPhase;
			buildActionMask = 2147483647;
			files = (
				D572A7762200D4DE00BB2E17 /* LaunchScreen.storyboard in Resources */,
				D572A7732200D4DE00BB2E17 /* Assets.xcassets in Resources */,
				D572A76E2200D4DC00BB2E17 /* Main.storyboard in Resources */,
			);
			runOnlyForDeploymentPostprocessing = 0;
		};
		D572A77A2200D4DE00BB2E17 /* Resources */ = {
			isa = PBXResourcesBuildPhase;
			buildActionMask = 2147483647;
			files = (
			);
			runOnlyForDeploymentPostprocessing = 0;
		};
/* End PBXResourcesBuildPhase section */

/* Begin PBXSourcesBuildPhase section */
		D572A7612200D4DC00BB2E17 /* Sources */ = {
			isa = PBXSourcesBuildPhase;
			buildActionMask = 2147483647;
			files = (
				D572A7712200D4DC00BB2E17 /* HelloWorld.xcdatamodeld in Sources */,
				D572A7692200D4DC00BB2E17 /* AppDelegate.swift in Sources */,
				D59E4A6C2202336900D5F807 /* HelloWorldViewController.swift in Sources */,
			);
			runOnlyForDeploymentPostprocessing = 0;
		};
		D572A7782200D4DE00BB2E17 /* Sources */ = {
			isa = PBXSourcesBuildPhase;
			buildActionMask = 2147483647;
			files = (
				D572A7812200D4DE00BB2E17 /* HelloWorldUITests.swift in Sources */,
			);
			runOnlyForDeploymentPostprocessing = 0;
		};
/* End PBXSourcesBuildPhase section */

/* Begin PBXTargetDependency section */
		D572A77E2200D4DE00BB2E17 /* PBXTargetDependency */ = {
			isa = PBXTargetDependency;
			target = D572A7642200D4DC00BB2E17 /* HelloWorld */;
			targetProxy = D572A77D2200D4DE00BB2E17 /* PBXContainerItemProxy */;
		};
/* End PBXTargetDependency section */

/* Begin PBXVariantGroup section */
		D572A76C2200D4DC00BB2E17 /* Main.storyboard */ = {
			isa = PBXVariantGroup;
			children = (
				D572A76D2200D4DC00BB2E17 /* Base */,
			);
			name = Main.storyboard;
			sourceTree = "<group>";
		};
		D572A7742200D4DE00BB2E17 /* LaunchScreen.storyboard */ = {
			isa = PBXVariantGroup;
			children = (
				D572A7752200D4DE00BB2E17 /* Base */,
			);
			name = LaunchScreen.storyboard;
			sourceTree = "<group>";
		};
/* End PBXVariantGroup section */

/* Begin XCBuildConfiguration section */
		D572A7832200D4DE00BB2E17 /* Debug */ = {
			isa = XCBuildConfiguration;
			buildSettings = {
				ALWAYS_SEARCH_USER_PATHS = NO;
				CLANG_ANALYZER_NONNULL = YES;
				CLANG_ANALYZER_NUMBER_OBJECT_CONVERSION = YES_AGGRESSIVE;
				CLANG_CXX_LANGUAGE_STANDARD = "gnu++14";
				CLANG_CXX_LIBRARY = "libc++";
				CLANG_ENABLE_MODULES = YES;
				CLANG_ENABLE_OBJC_ARC = YES;
				CLANG_ENABLE_OBJC_WEAK = YES;
				CLANG_WARN_BLOCK_CAPTURE_AUTORELEASING = YES;
				CLANG_WARN_BOOL_CONVERSION = YES;
				CLANG_WARN_COMMA = YES;
				CLANG_WARN_CONSTANT_CONVERSION = YES;
				CLANG_WARN_DEPRECATED_OBJC_IMPLEMENTATIONS = YES;
				CLANG_WARN_DIRECT_OBJC_ISA_USAGE = YES_ERROR;
				CLANG_WARN_DOCUMENTATION_COMMENTS = YES;
				CLANG_WARN_EMPTY_BODY = YES;
				CLANG_WARN_ENUM_CONVERSION = YES;
				CLANG_WARN_INFINITE_RECURSION = YES;
				CLANG_WARN_INT_CONVERSION = YES;
				CLANG_WARN_NON_LITERAL_NULL_CONVERSION = YES;
				CLANG_WARN_OBJC_IMPLICIT_RETAIN_SELF = YES;
				CLANG_WARN_OBJC_LITERAL_CONVERSION = YES;
				CLANG_WARN_OBJC_ROOT_CLASS = YES_ERROR;
				CLANG_WARN_RANGE_LOOP_ANALYSIS = YES;
				CLANG_WARN_STRICT_PROTOTYPES = YES;
				CLANG_WARN_SUSPICIOUS_MOVE = YES;
				CLANG_WARN_UNGUARDED_AVAILABILITY = YES_AGGRESSIVE;
				CLANG_WARN_UNREACHABLE_CODE = YES;
				CLANG_WARN__DUPLICATE_METHOD_MATCH = YES;
				CODE_SIGN_IDENTITY = "iPhone Developer";
				COPY_PHASE_STRIP = NO;
				DEBUG_INFORMATION_FORMAT = dwarf;
				ENABLE_STRICT_OBJC_MSGSEND = YES;
				ENABLE_TESTABILITY = YES;
				GCC_C_LANGUAGE_STANDARD = gnu11;
				GCC_DYNAMIC_NO_PIC = NO;
				GCC_NO_COMMON_BLOCKS = YES;
				GCC_OPTIMIZATION_LEVEL = 0;
				GCC_PREPROCESSOR_DEFINITIONS = (
					"DEBUG=1",
					"$(inherited)",
				);
				GCC_WARN_64_TO_32_BIT_CONVERSION = YES;
				GCC_WARN_ABOUT_RETURN_TYPE = YES_ERROR;
				GCC_WARN_UNDECLARED_SELECTOR = YES;
				GCC_WARN_UNINITIALIZED_AUTOS = YES_AGGRESSIVE;
				GCC_WARN_UNUSED_FUNCTION = YES;
				GCC_WARN_UNUSED_VARIABLE = YES;
				IPHONEOS_DEPLOYMENT_TARGET = 12.1;
				MTL_ENABLE_DEBUG_INFO = INCLUDE_SOURCE;
				MTL_FAST_MATH = YES;
				ONLY_ACTIVE_ARCH = YES;
				SDKROOT = iphoneos;
				SWIFT_ACTIVE_COMPILATION_CONDITIONS = DEBUG;
				SWIFT_OPTIMIZATION_LEVEL = "-Onone";
			};
			name = Debug;
		};
		D572A7842200D4DE00BB2E17 /* Release */ = {
			isa = XCBuildConfiguration;
			buildSettings = {
				ALWAYS_SEARCH_USER_PATHS = NO;
				CLANG_ANALYZER_NONNULL = YES;
				CLANG_ANALYZER_NUMBER_OBJECT_CONVERSION = YES_AGGRESSIVE;
				CLANG_CXX_LANGUAGE_STANDARD = "gnu++14";
				CLANG_CXX_LIBRARY = "libc++";
				CLANG_ENABLE_MODULES = YES;
				CLANG_ENABLE_OBJC_ARC = YES;
				CLANG_ENABLE_OBJC_WEAK = YES;
				CLANG_WARN_BLOCK_CAPTURE_AUTORELEASING = YES;
				CLANG_WARN_BOOL_CONVERSION = YES;
				CLANG_WARN_COMMA = YES;
				CLANG_WARN_CONSTANT_CONVERSION = YES;
				CLANG_WARN_DEPRECATED_OBJC_IMPLEMENTATIONS = YES;
				CLANG_WARN_DIRECT_OBJC_ISA_USAGE = YES_ERROR;
				CLANG_WARN_DOCUMENTATION_COMMENTS = YES;
				CLANG_WARN_EMPTY_BODY = YES;
				CLANG_WARN_ENUM_CONVERSION = YES;
				CLANG_WARN_INFINITE_RECURSION = YES;
				CLANG_WARN_INT_CONVERSION = YES;
				CLANG_WARN_NON_LITERAL_NULL_CONVERSION = YES;
				CLANG_WARN_OBJC_IMPLICIT_RETAIN_SELF = YES;
				CLANG_WARN_OBJC_LITERAL_CONVERSION = YES;
				CLANG_WARN_OBJC_ROOT_CLASS = YES_ERROR;
				CLANG_WARN_RANGE_LOOP_ANALYSIS = YES;
				CLANG_WARN_STRICT_PROTOTYPES = YES;
				CLANG_WARN_SUSPICIOUS_MOVE = YES;
				CLANG_WARN_UNGUARDED_AVAILABILITY = YES_AGGRESSIVE;
				CLANG_WARN_UNREACHABLE_CODE = YES;
				CLANG_WARN__DUPLICATE_METHOD_MATCH = YES;
				CODE_SIGN_IDENTITY = "iPhone Developer";
				COPY_PHASE_STRIP = NO;
				DEBUG_INFORMATION_FORMAT = "dwarf-with-dsym";
				ENABLE_NS_ASSERTIONS = NO;
				ENABLE_STRICT_OBJC_MSGSEND = YES;
				GCC_C_LANGUAGE_STANDARD = gnu11;
				GCC_NO_COMMON_BLOCKS = YES;
				GCC_WARN_64_TO_32_BIT_CONVERSION = YES;
				GCC_WARN_ABOUT_RETURN_TYPE = YES_ERROR;
				GCC_WARN_UNDECLARED_SELECTOR = YES;
				GCC_WARN_UNINITIALIZED_AUTOS = YES_AGGRESSIVE;
				GCC_WARN_UNUSED_FUNCTION = YES;
				GCC_WARN_UNUSED_VARIABLE = YES;
				IPHONEOS_DEPLOYMENT_TARGET = 12.1;
				MTL_ENABLE_DEBUG_INFO = NO;
				MTL_FAST_MATH = YES;
				SDKROOT = iphoneos;
				SWIFT_COMPILATION_MODE = wholemodule;
				SWIFT_OPTIMIZATION_LEVEL = "-O";
				VALIDATE_PRODUCT = YES;
			};
			name = Release;
		};
		D572A7862200D4DE00BB2E17 /* Debug */ = {
			isa = XCBuildConfiguration;
			buildSettings = {
				ASSETCATALOG_COMPILER_APPICON_NAME = AppIcon;
				CODE_SIGN_STYLE = Automatic;
				DEVELOPMENT_TEAM = Q2MYKKKZDK;
				INFOPLIST_FILE = HelloWorld/Info.plist;
				LD_RUNPATH_SEARCH_PATHS = (
					"$(inherited)",
					"@executable_path/Frameworks",
				);
				PRODUCT_BUNDLE_IDENTIFIER = edu.missouri.HelloWorld;
				PRODUCT_NAME = "$(TARGET_NAME)";
				SWIFT_VERSION = 4.2;
				TARGETED_DEVICE_FAMILY = "1,2";
			};
			name = Debug;
		};
		D572A7872200D4DE00BB2E17 /* Release */ = {
			isa = XCBuildConfiguration;
			buildSettings = {
				ASSETCATALOG_COMPILER_APPICON_NAME = AppIcon;
				CODE_SIGN_STYLE = Automatic;
				DEVELOPMENT_TEAM = Q2MYKKKZDK;
				INFOPLIST_FILE = HelloWorld/Info.plist;
				LD_RUNPATH_SEARCH_PATHS = (
					"$(inherited)",
					"@executable_path/Frameworks",
				);
				PRODUCT_BUNDLE_IDENTIFIER = edu.missouri.HelloWorld;
				PRODUCT_NAME = "$(TARGET_NAME)";
				SWIFT_VERSION = 4.2;
				TARGETED_DEVICE_FAMILY = "1,2";
			};
			name = Release;
		};
		D572A7892200D4DE00BB2E17 /* Debug */ = {
			isa = XCBuildConfiguration;
			buildSettings = {
				ALWAYS_EMBED_SWIFT_STANDARD_LIBRARIES = YES;
				CODE_SIGN_STYLE = Automatic;
				DEVELOPMENT_TEAM = Q2MYKKKZDK;
				INFOPLIST_FILE = HelloWorldUITests/Info.plist;
				LD_RUNPATH_SEARCH_PATHS = (
					"$(inherited)",
					"@executable_path/Frameworks",
					"@loader_path/Frameworks",
				);
				PRODUCT_BUNDLE_IDENTIFIER = edu.missouri.HelloWorldUITests;
				PRODUCT_NAME = "$(TARGET_NAME)";
				SWIFT_VERSION = 4.2;
				TARGETED_DEVICE_FAMILY = "1,2";
				TEST_TARGET_NAME = HelloWorld;
			};
			name = Debug;
		};
		D572A78A2200D4DE00BB2E17 /* Release */ = {
			isa = XCBuildConfiguration;
			buildSettings = {
				ALWAYS_EMBED_SWIFT_STANDARD_LIBRARIES = YES;
				CODE_SIGN_STYLE = Automatic;
				DEVELOPMENT_TEAM = Q2MYKKKZDK;
				INFOPLIST_FILE = HelloWorldUITests/Info.plist;
				LD_RUNPATH_SEARCH_PATHS = (
					"$(inherited)",
					"@executable_path/Frameworks",
					"@loader_path/Frameworks",
				);
				PRODUCT_BUNDLE_IDENTIFIER = edu.missouri.HelloWorldUITests;
				PRODUCT_NAME = "$(TARGET_NAME)";
				SWIFT_VERSION = 4.2;
				TARGETED_DEVICE_FAMILY = "1,2";
				TEST_TARGET_NAME = HelloWorld;
			};
			name = Release;
		};
/* End XCBuildConfiguration section */

/* Begin XCConfigurationList section */
		D572A7602200D4DC00BB2E17 /* Build configuration list for PBXProject "HelloWorld" */ = {
			isa = XCConfigurationList;
			buildConfigurations = (
				D572A7832200D4DE00BB2E17 /* Debug */,
				D572A7842200D4DE00BB2E17 /* Release */,
			);
			defaultConfigurationIsVisible = 0;
			defaultConfigurationName = Release;
		};
		D572A7852200D4DE00BB2E17 /* Build configuration list for PBXNativeTarget "HelloWorld" */ = {
			isa = XCConfigurationList;
			buildConfigurations = (
				D572A7862200D4DE00BB2E17 /* Debug */,
				D572A7872200D4DE00BB2E17 /* Release */,
			);
			defaultConfigurationIsVisible = 0;
			defaultConfigurationName = Release;
		};
		D572A7882200D4DE00BB2E17 /* Build configuration list for PBXNativeTarget "HelloWorldUITests" */ = {
			isa = XCConfigurationList;
			buildConfigurations = (
				D572A7892200D4DE00BB2E17 /* Debug */,
				D572A78A2200D4DE00BB2E17 /* Release */,
			);
			defaultConfigurationIsVisible = 0;
			defaultConfigurationName = Release;
		};
/* End XCConfigurationList section */

/* Begin XCVersionGroup section */
		D572A76F2200D4DC00BB2E17 /* HelloWorld.xcdatamodeld */ = {
			isa = XCVersionGroup;
			children = (
				D572A7702200D4DC00BB2E17 /* HelloWorld.xcdatamodel */,
			);
			currentVersion = D572A7702200D4DC00BB2E17 /* HelloWorld.xcdatamodel */;
			path = HelloWorld.xcdatamodeld;
			sourceTree = "<group>";
			versionGroupType = wrapper.xcdatamodel;
		};
/* End XCVersionGroup section */
	};
	rootObject = D572A75D2200D4DC00BB2E17 /* Project object */;
}
